
Microsoft Visual Studio Solution File, Format Version 12.00
# Visual Studio Version 17
VisualStudioVersion = 17.11.35222.181
MinimumVisualStudioVersion = 10.0.40219.1
Project("{FAE04EC0-301F-11D3-BF4B-00C04F79EFBC}") = "Baitap5", "Baitap5\Baitap5.csproj", "{76F253F4-C884-4CE3-8315-F92FA74B29EA}"
EndProject
Global
	GlobalSection(SolutionConfigurationPlatforms) = preSolution
		Debug|Any CPU = Debug|Any CPU
		Release|Any CPU = Release|Any CPU
	EndGlobalSection
	GlobalSection(ProjectConfigurationPlatforms) = postSolution
		{76F253F4-C884-4CE3-8315-F92FA74B29EA}.Debug|Any CPU.ActiveCfg = Debug|Any CPU
		{76F253F4-C884-4CE3-8315-F92FA74B29EA}.Debug|Any CPU.Build.0 = Debug|Any CPU
		{76F253F4-C884-4CE3-8315-F92FA74B29EA}.Release|Any CPU.ActiveCfg = Release|Any CPU
		{76F253F4-C884-4CE3-8315-F92FA74B29EA}.Release|Any CPU.Build.0 = Release|Any CPU
	EndGlobalSection
	GlobalSection(SolutionProperties) = preSolution
		HideSolutionNode = FALSE
	EndGlobalSection
	GlobalSection(ExtensibilityGlobals) = postSolution
		SolutionGuid = {85745452-2F04-485C-ABEA-58F394916AAE}
	EndGlobalSection
EndGlobal
